
Microsoft Visual Studio Solution File, Format Version 12.00
# Visual Studio Version 16
VisualStudioVersion = 16.0.29306.81
MinimumVisualStudioVersion = 10.0.40219.1
Project("{FAE04EC0-301F-11D3-BF4B-00C04F79EFBC}") = "SingleLinkedList", "SingleLinkedList\SingleLinkedList.csproj", "{6F200E68-AA34-4C84-BCD8-EA45A734D4D1}"
EndProject
Project("{9A19103F-16F7-4668-BE54-9A1E7A4F7556}") = "DoubleLinkedList", "DoubleLinkedList\DoubleLinkedList.csproj", "{6C85278F-ACCF-4FED-B4A2-B199246AC173}"
EndProject
Project("{FAE04EC0-301F-11D3-BF4B-00C04F79EFBC}") = "Binary Tree", "Binary Tree\Binary Tree.csproj", "{23159B60-F165-46E0-918A-050D84C24DF6}"
EndProject
Global
	GlobalSection(SolutionConfigurationPlatforms) = preSolution
		Debug|Any CPU = Debug|Any CPU
		Release|Any CPU = Release|Any CPU
	EndGlobalSection
	GlobalSection(ProjectConfigurationPlatforms) = postSolution
		{6F200E68-AA34-4C84-BCD8-EA45A734D4D1}.Debug|Any CPU.ActiveCfg = Debug|Any CPU
		{6F200E68-AA34-4C84-BCD8-EA45A734D4D1}.Debug|Any CPU.Build.0 = Debug|Any CPU
		{6F200E68-AA34-4C84-BCD8-EA45A734D4D1}.Release|Any CPU.ActiveCfg = Release|Any CPU
		{6F200E68-AA34-4C84-BCD8-EA45A734D4D1}.Release|Any CPU.Build.0 = Release|Any CPU
		{6C85278F-ACCF-4FED-B4A2-B199246AC173}.Debug|Any CPU.ActiveCfg = Debug|Any CPU
		{6C85278F-ACCF-4FED-B4A2-B199246AC173}.Debug|Any CPU.Build.0 = Debug|Any CPU
		{6C85278F-ACCF-4FED-B4A2-B199246AC173}.Release|Any CPU.ActiveCfg = Release|Any CPU
		{6C85278F-ACCF-4FED-B4A2-B199246AC173}.Release|Any CPU.Build.0 = Release|Any CPU
		{23159B60-F165-46E0-918A-050D84C24DF6}.Debug|Any CPU.ActiveCfg = Debug|Any CPU
		{23159B60-F165-46E0-918A-050D84C24DF6}.Debug|Any CPU.Build.0 = Debug|Any CPU
		{23159B60-F165-46E0-918A-050D84C24DF6}.Release|Any CPU.ActiveCfg = Release|Any CPU
		{23159B60-F165-46E0-918A-050D84C24DF6}.Release|Any CPU.Build.0 = Release|Any CPU
	EndGlobalSection
	GlobalSection(SolutionProperties) = preSolution
		HideSolutionNode = FALSE
	EndGlobalSection
	GlobalSection(ExtensibilityGlobals) = postSolution
		SolutionGuid = {79225199-A59C-48B1-9DCB-2EC300AC702A}
	EndGlobalSection
EndGlobal
